
Microsoft Visual Studio Solution File, Format Version 12.00
# Visual Studio 2013
VisualStudioVersion = 12.0.40629.0
MinimumVisualStudioVersion = 10.0.40219.1
Project("{F184B08F-C81C-45F6-A57F-5ABD9991F28F}") = "BasicProjectFile", "BasicProjectFile.vbproj", "{719BD374-47FE-4078-B07E-FB9DF49274BB}"
EndProject
Project("{FAE04EC0-301F-11D3-BF4B-00C04F79EFBC}") = "CSharpProjectFile", "CSharpProjectFile.csproj", "{906335D9-9DAB-4D38-ACF7-42C57FE07EC9}"
EndProject
Project("{F2A71F9B-5D33-465A-A702-920D77279786}") = "FSharpProjectFile", "FSharpProjectFile.fsproj", "{3AC8785B-7522-45E8-9E87-CCD2CCA9EAF5}"
EndProject
Project("{E24C65DC-7377-472B-9ABA-BC803B73C61A}") = "WebSite", "http://localhost:3447", "{EED6FDD7-1153-481A-AE03-DBFF5EFA1EF1}"
	ProjectSection(WebsiteProperties) = preProject
		UseIISExpress = "true"
		TargetFrameworkMoniker = ".NETFramework,Version%3Dv4.5"
		Debug.AspNetCompiler.VirtualPath = "/localhost_3447"
		Debug.AspNetCompiler.PhysicalPath = "WebSite\"
		Debug.AspNetCompiler.TargetPath = "PrecompiledWeb\localhost_3447\"
		Debug.AspNetCompiler.Updateable = "true"
		Debug.AspNetCompiler.ForceOverwrite = "true"
		Debug.AspNetCompiler.FixedNames = "false"
		Debug.AspNetCompiler.Debug = "True"
		Release.AspNetCompiler.VirtualPath = "/localhost_3447"
		Release.AspNetCompiler.PhysicalPath = "WebSite\"
		Release.AspNetCompiler.TargetPath = "PrecompiledWeb\localhost_3447\"
		Release.AspNetCompiler.Updateable = "true"
		Release.AspNetCompiler.ForceOverwrite = "true"
		Release.AspNetCompiler.FixedNames = "false"
		Release.AspNetCompiler.Debug = "False"
		DefaultWebSiteLanguage = "Visual C#"
	EndProjectSection
EndProject
Global
	GlobalSection(SolutionConfigurationPlatforms) = preSolution
		Debug|Any CPU = Debug|Any CPU
		Release|Any CPU = Release|Any CPU
	EndGlobalSection
	GlobalSection(ProjectConfigurationPlatforms) = postSolution
		{719BD374-47FE-4078-B07E-FB9DF49274BB}.Debug|Any CPU.ActiveCfg = Debug|Any CPU
		{719BD374-47FE-4078-B07E-FB9DF49274BB}.Debug|Any CPU.Build.0 = Debug|Any CPU
		{719BD374-47FE-4078-B07E-FB9DF49274BB}.Release|Any CPU.ActiveCfg = Release|Any CPU
		{719BD374-47FE-4078-B07E-FB9DF49274BB}.Release|Any CPU.Build.0 = Release|Any CPU
		{906335D9-9DAB-4D38-ACF7-42C57FE07EC9}.Debug|Any CPU.ActiveCfg = Debug|Any CPU
		{906335D9-9DAB-4D38-ACF7-42C57FE07EC9}.Debug|Any CPU.Build.0 = Debug|Any CPU
		{906335D9-9DAB-4D38-ACF7-42C57FE07EC9}.Release|Any CPU.ActiveCfg = Release|Any CPU
		{906335D9-9DAB-4D38-ACF7-42C57FE07EC9}.Release|Any CPU.Build.0 = Release|Any CPU
		{3AC8785B-7522-45E8-9E87-CCD2CCA9EAF5}.Debug|Any CPU.ActiveCfg = Debug|Any CPU
		{3AC8785B-7522-45E8-9E87-CCD2CCA9EAF5}.Debug|Any CPU.Build.0 = Debug|Any CPU
		{3AC8785B-7522-45E8-9E87-CCD2CCA9EAF5}.Release|Any CPU.ActiveCfg = Release|Any CPU
		{3AC8785B-7522-45E8-9E87-CCD2CCA9EAF5}.Release|Any CPU.Build.0 = Release|Any CPU
		{EED6FDD7-1153-481A-AE03-DBFF5EFA1EF1}.Debug|Any CPU.ActiveCfg = Debug|Any CPU
		{EED6FDD7-1153-481A-AE03-DBFF5EFA1EF1}.Debug|Any CPU.Build.0 = Debug|Any CPU
		{EED6FDD7-1153-481A-AE03-DBFF5EFA1EF1}.Release|Any CPU.ActiveCfg = Debug|Any CPU
		{EED6FDD7-1153-481A-AE03-DBFF5EFA1EF1}.Release|Any CPU.Build.0 = Debug|Any CPU
	EndGlobalSection
	GlobalSection(SolutionProperties) = preSolution
		HideSolutionNode = FALSE
	EndGlobalSection
EndGlobal
